
Microsoft Visual Studio Solution File, Format Version 12.00
# Visual Studio Version 17
VisualStudioVersion = 17.11.35327.3
MinimumVisualStudioVersion = 10.0.40219.1
Project("{FAE04EC0-301F-11D3-BF4B-00C04F79EFBC}") = "BinaryToDecimal", "BinaryToDecimal\BinaryToDecimal.csproj", "{6968601B-D23E-4617-A774-3F17EB8E6F74}"
EndProject
Project("{FAE04EC0-301F-11D3-BF4B-00C04F79EFBC}") = "DecimalToBinary", "DecimalToBinary\DecimalToBinary.csproj", "{0DC48DF0-314F-43E1-8DEF-888B0AECEA1B}"
EndProject
Project("{FAE04EC0-301F-11D3-BF4B-00C04F79EFBC}") = "HexadecimalToDecimal", "HexadecimalToDecimal\HexadecimalToDecimal.csproj", "{1F92B947-A2DF-4B22-8601-1A6982CBD69C}"
EndProject
Global
	GlobalSection(SolutionConfigurationPlatforms) = preSolution
		Debug|Any CPU = Debug|Any CPU
		Release|Any CPU = Release|Any CPU
	EndGlobalSection
	GlobalSection(ProjectConfigurationPlatforms) = postSolution
		{6968601B-D23E-4617-A774-3F17EB8E6F74}.Debug|Any CPU.ActiveCfg = Debug|Any CPU
		{6968601B-D23E-4617-A774-3F17EB8E6F74}.Debug|Any CPU.Build.0 = Debug|Any CPU
		{6968601B-D23E-4617-A774-3F17EB8E6F74}.Release|Any CPU.ActiveCfg = Release|Any CPU
		{6968601B-D23E-4617-A774-3F17EB8E6F74}.Release|Any CPU.Build.0 = Release|Any CPU
		{0DC48DF0-314F-43E1-8DEF-888B0AECEA1B}.Debug|Any CPU.ActiveCfg = Debug|Any CPU
		{0DC48DF0-314F-43E1-8DEF-888B0AECEA1B}.Debug|Any CPU.Build.0 = Debug|Any CPU
		{0DC48DF0-314F-43E1-8DEF-888B0AECEA1B}.Release|Any CPU.ActiveCfg = Release|Any CPU
		{0DC48DF0-314F-43E1-8DEF-888B0AECEA1B}.Release|Any CPU.Build.0 = Release|Any CPU
		{1F92B947-A2DF-4B22-8601-1A6982CBD69C}.Debug|Any CPU.ActiveCfg = Debug|Any CPU
		{1F92B947-A2DF-4B22-8601-1A6982CBD69C}.Debug|Any CPU.Build.0 = Debug|Any CPU
		{1F92B947-A2DF-4B22-8601-1A6982CBD69C}.Release|Any CPU.ActiveCfg = Release|Any CPU
		{1F92B947-A2DF-4B22-8601-1A6982CBD69C}.Release|Any CPU.Build.0 = Release|Any CPU
	EndGlobalSection
	GlobalSection(SolutionProperties) = preSolution
		HideSolutionNode = FALSE
	EndGlobalSection
	GlobalSection(ExtensibilityGlobals) = postSolution
		SolutionGuid = {AB7303E1-3D76-4702-A671-C87571CBD72F}
	EndGlobalSection
EndGlobal
