
Microsoft Visual Studio Solution File, Format Version 12.00
# Visual Studio Version 17
VisualStudioVersion = 17.14.36623.8 d17.14
MinimumVisualStudioVersion = 10.0.40219.1
Project("{FAE04EC0-301F-11D3-BF4B-00C04F79EFBC}") = "PartyManagement.Web", "PartyManagement.Web\PartyManagement.Web.csproj", "{0D74E5BE-A08A-46B3-949D-35F68333343A}"
EndProject
Project("{FAE04EC0-301F-11D3-BF4B-00C04F79EFBC}") = "PartyManagement.Data", "PartyManagement.Data\PartyManagement.Data.csproj", "{12105A31-B448-48A7-A8D6-DE89627E60BD}"
EndProject
Global
	GlobalSection(SolutionConfigurationPlatforms) = preSolution
		Debug|Any CPU = Debug|Any CPU
		Release|Any CPU = Release|Any CPU
	EndGlobalSection
	GlobalSection(ProjectConfigurationPlatforms) = postSolution
		{0D74E5BE-A08A-46B3-949D-35F68333343A}.Debug|Any CPU.ActiveCfg = Debug|Any CPU
		{0D74E5BE-A08A-46B3-949D-35F68333343A}.Debug|Any CPU.Build.0 = Debug|Any CPU
		{0D74E5BE-A08A-46B3-949D-35F68333343A}.Release|Any CPU.ActiveCfg = Release|Any CPU
		{0D74E5BE-A08A-46B3-949D-35F68333343A}.Release|Any CPU.Build.0 = Release|Any CPU
		{12105A31-B448-48A7-A8D6-DE89627E60BD}.Debug|Any CPU.ActiveCfg = Debug|Any CPU
		{12105A31-B448-48A7-A8D6-DE89627E60BD}.Debug|Any CPU.Build.0 = Debug|Any CPU
		{12105A31-B448-48A7-A8D6-DE89627E60BD}.Release|Any CPU.ActiveCfg = Release|Any CPU
		{12105A31-B448-48A7-A8D6-DE89627E60BD}.Release|Any CPU.Build.0 = Release|Any CPU
	EndGlobalSection
	GlobalSection(SolutionProperties) = preSolution
		HideSolutionNode = FALSE
	EndGlobalSection
	GlobalSection(ExtensibilityGlobals) = postSolution
		SolutionGuid = {D7C2635C-EA54-4789-9387-1956A1652DFB}
	EndGlobalSection
EndGlobal
