
Microsoft Visual Studio Solution File, Format Version 12.00
# Visual Studio Version 17
VisualStudioVersion = 17.11.35327.3
MinimumVisualStudioVersion = 10.0.40219.1
Project("{FAE04EC0-301F-11D3-BF4B-00C04F79EFBC}") = "ReadingFileWithStream", "ReadingFileWithStream.csproj", "{8B4524B7-F3E9-4340-B9D5-E56709A14985}"
EndProject
Project("{FAE04EC0-301F-11D3-BF4B-00C04F79EFBC}") = "SavingReversedProgramCsClass", "..\SavingReversedProgramCsClass\SavingReversedProgramCsClass.csproj", "{8FAA0651-F69D-4A8A-AB5E-23F907970905}"
EndProject
Global
	GlobalSection(SolutionConfigurationPlatforms) = preSolution
		Debug|Any CPU = Debug|Any CPU
		Release|Any CPU = Release|Any CPU
	EndGlobalSection
	GlobalSection(ProjectConfigurationPlatforms) = postSolution
		{8B4524B7-F3E9-4340-B9D5-E56709A14985}.Debug|Any CPU.ActiveCfg = Debug|Any CPU
		{8B4524B7-F3E9-4340-B9D5-E56709A14985}.Debug|Any CPU.Build.0 = Debug|Any CPU
		{8B4524B7-F3E9-4340-B9D5-E56709A14985}.Release|Any CPU.ActiveCfg = Release|Any CPU
		{8B4524B7-F3E9-4340-B9D5-E56709A14985}.Release|Any CPU.Build.0 = Release|Any CPU
		{8FAA0651-F69D-4A8A-AB5E-23F907970905}.Debug|Any CPU.ActiveCfg = Debug|Any CPU
		{8FAA0651-F69D-4A8A-AB5E-23F907970905}.Debug|Any CPU.Build.0 = Debug|Any CPU
		{8FAA0651-F69D-4A8A-AB5E-23F907970905}.Release|Any CPU.ActiveCfg = Release|Any CPU
		{8FAA0651-F69D-4A8A-AB5E-23F907970905}.Release|Any CPU.Build.0 = Release|Any CPU
	EndGlobalSection
	GlobalSection(SolutionProperties) = preSolution
		HideSolutionNode = FALSE
	EndGlobalSection
	GlobalSection(ExtensibilityGlobals) = postSolution
		SolutionGuid = {920988FF-2F48-415B-BEAD-4230AAED234D}
	EndGlobalSection
EndGlobal
