
Microsoft Visual Studio Solution File, Format Version 12.00
# Visual Studio Version 17
VisualStudioVersion = 17.11.35327.3
MinimumVisualStudioVersion = 10.0.40219.1
Project("{FAE04EC0-301F-11D3-BF4B-00C04F79EFBC}") = "HotelManager", "HotelManager.csproj", "{262C47E7-4C2B-4943-9DAD-9AE403128DF9}"
EndProject
Global
	GlobalSection(SolutionConfigurationPlatforms) = preSolution
		Debug|Any CPU = Debug|Any CPU
		Release|Any CPU = Release|Any CPU
	EndGlobalSection
	GlobalSection(ProjectConfigurationPlatforms) = postSolution
		{262C47E7-4C2B-4943-9DAD-9AE403128DF9}.Debug|Any CPU.ActiveCfg = Debug|Any CPU
		{262C47E7-4C2B-4943-9DAD-9AE403128DF9}.Debug|Any CPU.Build.0 = Debug|Any CPU
		{262C47E7-4C2B-4943-9DAD-9AE403128DF9}.Release|Any CPU.ActiveCfg = Release|Any CPU
		{262C47E7-4C2B-4943-9DAD-9AE403128DF9}.Release|Any CPU.Build.0 = Release|Any CPU
	EndGlobalSection
	GlobalSection(SolutionProperties) = preSolution
		HideSolutionNode = FALSE
	EndGlobalSection
	GlobalSection(ExtensibilityGlobals) = postSolution
		SolutionGuid = {E08C0CB0-5D1C-4232-9CF0-70B454631D82}
	EndGlobalSection
EndGlobal
