
Microsoft Visual Studio Solution File, Format Version 12.00
# Visual Studio Version 17
VisualStudioVersion = 17.11.35327.3
MinimumVisualStudioVersion = 10.0.40219.1
Project("{FAE04EC0-301F-11D3-BF4B-00C04F79EFBC}") = "Problem_1", "Problem_1.csproj", "{94BAA88B-3588-4B59-BCFF-D8558174FF8F}"
EndProject
Project("{FAE04EC0-301F-11D3-BF4B-00C04F79EFBC}") = "Problem_2", "..\Problem_2\Problem_2.csproj", "{FB699B59-436C-4770-B474-69382217E644}"
EndProject
Project("{FAE04EC0-301F-11D3-BF4B-00C04F79EFBC}") = "Problem_3", "..\Problem_3\Problem_3.csproj", "{54AC2580-C278-4153-9C4E-FF721262F08E}"
EndProject
Global
	GlobalSection(SolutionConfigurationPlatforms) = preSolution
		Debug|Any CPU = Debug|Any CPU
		Release|Any CPU = Release|Any CPU
	EndGlobalSection
	GlobalSection(ProjectConfigurationPlatforms) = postSolution
		{94BAA88B-3588-4B59-BCFF-D8558174FF8F}.Debug|Any CPU.ActiveCfg = Debug|Any CPU
		{94BAA88B-3588-4B59-BCFF-D8558174FF8F}.Debug|Any CPU.Build.0 = Debug|Any CPU
		{94BAA88B-3588-4B59-BCFF-D8558174FF8F}.Release|Any CPU.ActiveCfg = Release|Any CPU
		{94BAA88B-3588-4B59-BCFF-D8558174FF8F}.Release|Any CPU.Build.0 = Release|Any CPU
		{FB699B59-436C-4770-B474-69382217E644}.Debug|Any CPU.ActiveCfg = Debug|Any CPU
		{FB699B59-436C-4770-B474-69382217E644}.Debug|Any CPU.Build.0 = Debug|Any CPU
		{FB699B59-436C-4770-B474-69382217E644}.Release|Any CPU.ActiveCfg = Release|Any CPU
		{FB699B59-436C-4770-B474-69382217E644}.Release|Any CPU.Build.0 = Release|Any CPU
		{54AC2580-C278-4153-9C4E-FF721262F08E}.Debug|Any CPU.ActiveCfg = Debug|Any CPU
		{54AC2580-C278-4153-9C4E-FF721262F08E}.Debug|Any CPU.Build.0 = Debug|Any CPU
		{54AC2580-C278-4153-9C4E-FF721262F08E}.Release|Any CPU.ActiveCfg = Release|Any CPU
		{54AC2580-C278-4153-9C4E-FF721262F08E}.Release|Any CPU.Build.0 = Release|Any CPU
	EndGlobalSection
	GlobalSection(SolutionProperties) = preSolution
		HideSolutionNode = FALSE
	EndGlobalSection
	GlobalSection(ExtensibilityGlobals) = postSolution
		SolutionGuid = {FF8A8B5E-FB85-4CBE-905A-ABBA2964E334}
	EndGlobalSection
EndGlobal
